
Microsoft Visual Studio Solution File, Format Version 12.00
# Visual Studio Version 16
VisualStudioVersion = 16.0.30907.101
MinimumVisualStudioVersion = 10.0.40219.1
Project("{9A19103F-16F7-4668-BE54-9A1E7A4F7556}") = "DataAccess", "DataAccess\DataAccess.csproj", "{FC2B655E-B490-435C-9919-BD857F467E16}"
EndProject
Project("{9A19103F-16F7-4668-BE54-9A1E7A4F7556}") = "Business", "Business\Business.csproj", "{1EEA8FF2-9D66-4D86-BF98-CA3E3F31B96C}"
EndProject
Project("{9A19103F-16F7-4668-BE54-9A1E7A4F7556}") = "Entities", "Entities\Entities.csproj", "{E4AEED1E-F7ED-41C6-8175-9FA26F881F95}"
EndProject
Project("{9A19103F-16F7-4668-BE54-9A1E7A4F7556}") = "ConsoleUI", "ConsoleUI\ConsoleUI.csproj", "{BCEF53A5-0F85-49A7-8855-A26CE95BA7B0}"
EndProject
Project("{9A19103F-16F7-4668-BE54-9A1E7A4F7556}") = "Core", "Core\Core.csproj", "{00EA4A14-A633-4689-A51F-56FCBAD6342D}"
EndProject
Project("{FAE04EC0-301F-11D3-BF4B-00C04F79EFBC}") = "WebApI", "WebApI\WebApI.csproj", "{F8B8E6BF-7B54-4395-993A-791A7EB5585E}"
EndProject
Global
	GlobalSection(SolutionConfigurationPlatforms) = preSolution
		Debug|Any CPU = Debug|Any CPU
		Release|Any CPU = Release|Any CPU
	EndGlobalSection
	GlobalSection(ProjectConfigurationPlatforms) = postSolution
		{FC2B655E-B490-435C-9919-BD857F467E16}.Debug|Any CPU.ActiveCfg = Debug|Any CPU
		{FC2B655E-B490-435C-9919-BD857F467E16}.Debug|Any CPU.Build.0 = Debug|Any CPU
		{FC2B655E-B490-435C-9919-BD857F467E16}.Release|Any CPU.ActiveCfg = Release|Any CPU
		{FC2B655E-B490-435C-9919-BD857F467E16}.Release|Any CPU.Build.0 = Release|Any CPU
		{1EEA8FF2-9D66-4D86-BF98-CA3E3F31B96C}.Debug|Any CPU.ActiveCfg = Debug|Any CPU
		{1EEA8FF2-9D66-4D86-BF98-CA3E3F31B96C}.Debug|Any CPU.Build.0 = Debug|Any CPU
		{1EEA8FF2-9D66-4D86-BF98-CA3E3F31B96C}.Release|Any CPU.ActiveCfg = Release|Any CPU
		{1EEA8FF2-9D66-4D86-BF98-CA3E3F31B96C}.Release|Any CPU.Build.0 = Release|Any CPU
		{E4AEED1E-F7ED-41C6-8175-9FA26F881F95}.Debug|Any CPU.ActiveCfg = Debug|Any CPU
		{E4AEED1E-F7ED-41C6-8175-9FA26F881F95}.Debug|Any CPU.Build.0 = Debug|Any CPU
		{E4AEED1E-F7ED-41C6-8175-9FA26F881F95}.Release|Any CPU.ActiveCfg = Release|Any CPU
		{E4AEED1E-F7ED-41C6-8175-9FA26F881F95}.Release|Any CPU.Build.0 = Release|Any CPU
		{BCEF53A5-0F85-49A7-8855-A26CE95BA7B0}.Debug|Any CPU.ActiveCfg = Debug|Any CPU
		{BCEF53A5-0F85-49A7-8855-A26CE95BA7B0}.Debug|Any CPU.Build.0 = Debug|Any CPU
		{BCEF53A5-0F85-49A7-8855-A26CE95BA7B0}.Release|Any CPU.ActiveCfg = Release|Any CPU
		{BCEF53A5-0F85-49A7-8855-A26CE95BA7B0}.Release|Any CPU.Build.0 = Release|Any CPU
		{00EA4A14-A633-4689-A51F-56FCBAD6342D}.Debug|Any CPU.ActiveCfg = Debug|Any CPU
		{00EA4A14-A633-4689-A51F-56FCBAD6342D}.Debug|Any CPU.Build.0 = Debug|Any CPU
		{00EA4A14-A633-4689-A51F-56FCBAD6342D}.Release|Any CPU.ActiveCfg = Release|Any CPU
		{00EA4A14-A633-4689-A51F-56FCBAD6342D}.Release|Any CPU.Build.0 = Release|Any CPU
		{F8B8E6BF-7B54-4395-993A-791A7EB5585E}.Debug|Any CPU.ActiveCfg = Debug|Any CPU
		{F8B8E6BF-7B54-4395-993A-791A7EB5585E}.Debug|Any CPU.Build.0 = Debug|Any CPU
		{F8B8E6BF-7B54-4395-993A-791A7EB5585E}.Release|Any CPU.ActiveCfg = Release|Any CPU
		{F8B8E6BF-7B54-4395-993A-791A7EB5585E}.Release|Any CPU.Build.0 = Release|Any CPU
	EndGlobalSection
	GlobalSection(SolutionProperties) = preSolution
		HideSolutionNode = FALSE
	EndGlobalSection
	GlobalSection(ExtensibilityGlobals) = postSolution
		SolutionGuid = {4EA8CE1B-AA66-45EC-B201-57CAF35C57E4}
	EndGlobalSection
EndGlobal
